
Microsoft Visual Studio Solution File, Format Version 12.00
# Visual Studio Version 17
VisualStudioVersion = 17.11.35222.181
MinimumVisualStudioVersion = 10.0.40219.1
Project("{FAE04EC0-301F-11D3-BF4B-00C04F79EFBC}") = "SuperSovellus", "SuperSovellus\SuperSovellus.csproj", "{67977FEE-5D79-49E9-9B59-A5978F518CE6}"
EndProject
Global
	GlobalSection(SolutionConfigurationPlatforms) = preSolution
		Debug|Any CPU = Debug|Any CPU
		Release|Any CPU = Release|Any CPU
	EndGlobalSection
	GlobalSection(ProjectConfigurationPlatforms) = postSolution
		{67977FEE-5D79-49E9-9B59-A5978F518CE6}.Debug|Any CPU.ActiveCfg = Debug|Any CPU
		{67977FEE-5D79-49E9-9B59-A5978F518CE6}.Debug|Any CPU.Build.0 = Debug|Any CPU
		{67977FEE-5D79-49E9-9B59-A5978F518CE6}.Release|Any CPU.ActiveCfg = Release|Any CPU
		{67977FEE-5D79-49E9-9B59-A5978F518CE6}.Release|Any CPU.Build.0 = Release|Any CPU
	EndGlobalSection
	GlobalSection(SolutionProperties) = preSolution
		HideSolutionNode = FALSE
	EndGlobalSection
	GlobalSection(ExtensibilityGlobals) = postSolution
		SolutionGuid = {F93D3370-C166-46D3-A502-0BBB603506F4}
	EndGlobalSection
EndGlobal
